
Microsoft Visual Studio Solution File, Format Version 12.00
# Visual Studio Express 2012 for Windows Desktop
Project("{8BC9CEB8-8B4A-11D0-8D11-00A0C91BC942}") = "chooseClass", "chooseClass\chooseClass.vcxproj", "{711FDD9F-B3B9-4655-BF48-60D481243A2A}"
EndProject
Global
	GlobalSection(SolutionConfigurationPlatforms) = preSolution
		Debug|Win32 = Debug|Win32
		Release|Win32 = Release|Win32
	EndGlobalSection
	GlobalSection(ProjectConfigurationPlatforms) = postSolution
		{711FDD9F-B3B9-4655-BF48-60D481243A2A}.Debug|Win32.ActiveCfg = Debug|Win32
		{711FDD9F-B3B9-4655-BF48-60D481243A2A}.Debug|Win32.Build.0 = Debug|Win32
		{711FDD9F-B3B9-4655-BF48-60D481243A2A}.Release|Win32.ActiveCfg = Release|Win32
		{711FDD9F-B3B9-4655-BF48-60D481243A2A}.Release|Win32.Build.0 = Release|Win32
	EndGlobalSection
	GlobalSection(SolutionProperties) = preSolution
		HideSolutionNode = FALSE
	EndGlobalSection
EndGlobal
